// !$*UTF8*$!
{
	archiveVersion = 1;
	classes = {
	};
	objectVersion = 56;
	objects = {

/* Begin PBXBuildFile section */
		88E664162AB0C5A9006BC7E8 /* AppDelegate.swift in Sources */ = {isa = PBXBuildFile; fileRef = 88E664152AB0C5A9006BC7E8 /* AppDelegate.swift */; };
		88E664182AB0C5A9006BC7E8 /* SceneDelegate.swift in Sources */ = {isa = PBXBuildFile; fileRef = 88E664172AB0C5A9006BC7E8 /* SceneDelegate.swift */; };
		88E6641A2AB0C5A9006BC7E8 /* ViewController.swift in Sources */ = {isa = PBXBuildFile; fileRef = 88E664192AB0C5A9006BC7E8 /* ViewController.swift */; };
		88E6641D2AB0C5A9006BC7E8 /* Main.storyboard in Resources */ = {isa = PBXBuildFile; fileRef = 88E6641B2AB0C5A9006BC7E8 /* Main.storyboard */; };
		88E6641F2AB0C5AB006BC7E8 /* Assets.xcassets in Resources */ = {isa = PBXBuildFile; fileRef = 88E6641E2AB0C5AB006BC7E8 /* Assets.xcassets */; };
		88E664222AB0C5AB006BC7E8 /* LaunchScreen.storyboard in Resources */ = {isa = PBXBuildFile; fileRef = 88E664202AB0C5AB006BC7E8 /* LaunchScreen.storyboard */; };
		88E6642D2AB0C5AB006BC7E8 /* VolunteerProjectTests.swift in Sources */ = {isa = PBXBuildFile; fileRef = 88E6642C2AB0C5AB006BC7E8 /* VolunteerProjectTests.swift */; };
		88E664372AB0C5AB006BC7E8 /* VolunteerProjectUITests.swift in Sources */ = {isa = PBXBuildFile; fileRef = 88E664362AB0C5AB006BC7E8 /* VolunteerProjectUITests.swift */; };
		88E664392AB0C5AB006BC7E8 /* VolunteerProjectUITestsLaunchTests.swift in Sources */ = {isa = PBXBuildFile; fileRef = 88E664382AB0C5AB006BC7E8 /* VolunteerProjectUITestsLaunchTests.swift */; };
/* End PBXBuildFile section */

/* Begin PBXContainerItemProxy section */
		88E664292AB0C5AB006BC7E8 /* PBXContainerItemProxy */ = {
			isa = PBXContainerItemProxy;
			containerPortal = 88E6640A2AB0C5A9006BC7E8 /* Project object */;
			proxyType = 1;
			remoteGlobalIDString = 88E664112AB0C5A9006BC7E8;
			remoteInfo = VolunteerProject;
		};
		88E664332AB0C5AB006BC7E8 /* PBXContainerItemProxy */ = {
			isa = PBXContainerItemProxy;
			containerPortal = 88E6640A2AB0C5A9006BC7E8 /* Project object */;
			proxyType = 1;
			remoteGlobalIDString = 88E664112AB0C5A9006BC7E8;
			remoteInfo = VolunteerProject;
		};
/* End PBXContainerItemProxy section */

/* Begin PBXFileReference section */
		88E664122AB0C5A9006BC7E8 /* VolunteerProject.app */ = {isa = PBXFileReference; explicitFileType = wrapper.application; includeInIndex = 0; path = VolunteerProject.app; sourceTree = BUILT_PRODUCTS_DIR; };
		88E664152AB0C5A9006BC7E8 /* AppDelegate.swift */ = {isa = PBXFileReference; lastKnownFileType = sourcecode.swift; path = AppDelegate.swift; sourceTree = "<group>"; };
		88E664172AB0C5A9006BC7E8 /* SceneDelegate.swift */ = {isa = PBXFileReference; lastKnownFileType = sourcecode.swift; path = SceneDelegate.swift; sourceTree = "<group>"; };
		88E664192AB0C5A9006BC7E8 /* ViewController.swift */ = {isa = PBXFileReference; lastKnownFileType = sourcecode.swift; path = ViewController.swift; sourceTree = "<group>"; };
		88E6641C2AB0C5A9006BC7E8 /* Base */ = {isa = PBXFileReference; lastKnownFileType = file.storyboard; name = Base; path = Base.lproj/Main.storyboard; sourceTree = "<group>"; };
		88E6641E2AB0C5AB006BC7E8 /* Assets.xcassets */ = {isa = PBXFileReference; lastKnownFileType = folder.assetcatalog; path = Assets.xcassets; sourceTree = "<group>"; };
		88E664212AB0C5AB006BC7E8 /* Base */ = {isa = PBXFileReference; lastKnownFileType = file.storyboard; name = Base; path = Base.lproj/LaunchScreen.storyboard; sourceTree = "<group>"; };
		88E664232AB0C5AB006BC7E8 /* Info.plist */ = {isa = PBXFileReference; lastKnownFileType = text.plist.xml; path = Info.plist; sourceTree = "<group>"; };
		88E664282AB0C5AB006BC7E8 /* VolunteerProjectTests.xctest */ = {isa = PBXFileReference; explicitFileType = wrapper.cfbundle; includeInIndex = 0; path = VolunteerProjectTests.xctest; sourceTree = BUILT_PRODUCTS_DIR; };
		88E6642C2AB0C5AB006BC7E8 /* VolunteerProjectTests.swift */ = {isa = PBXFileReference; lastKnownFileType = sourcecode.swift; path = VolunteerProjectTests.swift; sourceTree = "<group>"; };
		88E664322AB0C5AB006BC7E8 /* VolunteerProjectUITests.xctest */ = {isa = PBXFileReference; explicitFileType = wrapper.cfbundle; includeInIndex = 0; path = VolunteerProjectUITests.xctest; sourceTree = BUILT_PRODUCTS_DIR; };
		88E664362AB0C5AB006BC7E8 /* VolunteerProjectUITests.swift */ = {isa = PBXFileReference; lastKnownFileType = sourcecode.swift; path = VolunteerProjectUITests.swift; sourceTree = "<group>"; };
		88E664382AB0C5AB006BC7E8 /* VolunteerProjectUITestsLaunchTests.swift */ = {isa = PBXFileReference; lastKnownFileType = sourcecode.swift; path = VolunteerProjectUITestsLaunchTests.swift; sourceTree = "<group>"; };
/* End PBXFileReference section */

/* Begin PBXFrameworksBuildPhase section */
		88E6640F2AB0C5A9006BC7E8 /* Frameworks */ = {
			isa = PBXFrameworksBuildPhase;
			buildActionMask = 2147483647;
			files = (
			);
			runOnlyForDeploymentPostprocessing = 0;
		};
		88E664252AB0C5AB006BC7E8 /* Frameworks */ = {
			isa = PBXFrameworksBuildPhase;
			buildActionMask = 2147483647;
			files = (
			);
			runOnlyForDeploymentPostprocessing = 0;
		};
		88E6642F2AB0C5AB006BC7E8 /* Frameworks */ = {
			isa = PBXFrameworksBuildPhase;
			buildActionMask = 2147483647;
			files = (
			);
			runOnlyForDeploymentPostprocessing = 0;
		};
/* End PBXFrameworksBuildPhase section */

/* Begin PBXGroup section */
		88E664092AB0C5A9006BC7E8 = {
			isa = PBXGroup;
			children = (
				88E664142AB0C5A9006BC7E8 /* VolunteerProject */,
				88E6642B2AB0C5AB006BC7E8 /* VolunteerProjectTests */,
				88E664352AB0C5AB006BC7E8 /* VolunteerProjectUITests */,
				88E664132AB0C5A9006BC7E8 /* Products */,
			);
			sourceTree = "<group>";
		};
		88E664132AB0C5A9006BC7E8 /* Products */ = {
			isa = PBXGroup;
			children = (
				88E664122AB0C5A9006BC7E8 /* VolunteerProject.app */,
				88E664282AB0C5AB006BC7E8 /* VolunteerProjectTests.xctest */,
				88E664322AB0C5AB006BC7E8 /* VolunteerProjectUITests.xctest */,
			);
			name = Products;
			sourceTree = "<group>";
		};
		88E664142AB0C5A9006BC7E8 /* VolunteerProject */ = {
			isa = PBXGroup;
			children = (
				88E664152AB0C5A9006BC7E8 /* AppDelegate.swift */,
				88E664172AB0C5A9006BC7E8 /* SceneDelegate.swift */,
				88E664192AB0C5A9006BC7E8 /* ViewController.swift */,
				88E6641B2AB0C5A9006BC7E8 /* Main.storyboard */,
				88E6641E2AB0C5AB006BC7E8 /* Assets.xcassets */,
				88E664202AB0C5AB006BC7E8 /* LaunchScreen.storyboard */,
				88E664232AB0C5AB006BC7E8 /* Info.plist */,
			);
			path = VolunteerProject;
			sourceTree = "<group>";
		};
		88E6642B2AB0C5AB006BC7E8 /* VolunteerProjectTests */ = {
			isa = PBXGroup;
			children = (
				88E6642C2AB0C5AB006BC7E8 /* VolunteerProjectTests.swift */,
			);
			path = VolunteerProjectTests;
			sourceTree = "<group>";
		};
		88E664352AB0C5AB006BC7E8 /* VolunteerProjectUITests */ = {
			isa = PBXGroup;
			children = (
				88E664362AB0C5AB006BC7E8 /* VolunteerProjectUITests.swift */,
				88E664382AB0C5AB006BC7E8 /* VolunteerProjectUITestsLaunchTests.swift */,
			);
			path = VolunteerProjectUITests;
			sourceTree = "<group>";
		};
/* End PBXGroup section */

/* Begin PBXNativeTarget section */
		88E664112AB0C5A9006BC7E8 /* VolunteerProject */ = {
			isa = PBXNativeTarget;
			buildConfigurationList = 88E6643C2AB0C5AC006BC7E8 /* Build configuration list for PBXNativeTarget "VolunteerProject" */;
			buildPhases = (
				88E6640E2AB0C5A9006BC7E8 /* Sources */,
				88E6640F2AB0C5A9006BC7E8 /* Frameworks */,
				88E664102AB0C5A9006BC7E8 /* Resources */,
			);
			buildRules = (
			);
			dependencies = (
			);
			name = VolunteerProject;
			productName = VolunteerProject;
			productReference = 88E664122AB0C5A9006BC7E8 /* VolunteerProject.app */;
			productType = "com.apple.product-type.application";
		};
		88E664272AB0C5AB006BC7E8 /* VolunteerProjectTests */ = {
			isa = PBXNativeTarget;
			buildConfigurationList = 88E6643F2AB0C5AC006BC7E8 /* Build configuration list for PBXNativeTarget "VolunteerProjectTests" */;
			buildPhases = (
				88E664242AB0C5AB006BC7E8 /* Sources */,
				88E664252AB0C5AB006BC7E8 /* Frameworks */,
				88E664262AB0C5AB006BC7E8 /* Resources */,
			);
			buildRules = (
			);
			dependencies = (
				88E6642A2AB0C5AB006BC7E8 /* PBXTargetDependency */,
			);
			name = VolunteerProjectTests;
			productName = VolunteerProjectTests;
			productReference = 88E664282AB0C5AB006BC7E8 /* VolunteerProjectTests.xctest */;
			productType = "com.apple.product-type.bundle.unit-test";
		};
		88E664312AB0C5AB006BC7E8 /* VolunteerProjectUITests */ = {
			isa = PBXNativeTarget;
			buildConfigurationList = 88E664422AB0C5AC006BC7E8 /* Build configuration list for PBXNativeTarget "VolunteerProjectUITests" */;
			buildPhases = (
				88E6642E2AB0C5AB006BC7E8 /* Sources */,
				88E6642F2AB0C5AB006BC7E8 /* Frameworks */,
				88E664302AB0C5AB006BC7E8 /* Resources */,
			);
			buildRules = (
			);
			dependencies = (
				88E664342AB0C5AB006BC7E8 /* PBXTargetDependency */,
			);
			name = VolunteerProjectUITests;
			productName = VolunteerProjectUITests;
			productReference = 88E664322AB0C5AB006BC7E8 /* VolunteerProjectUITests.xctest */;
			productType = "com.apple.product-type.bundle.ui-testing";
		};
/* End PBXNativeTarget section */

/* Begin PBXProject section */
		88E6640A2AB0C5A9006BC7E8 /* Project object */ = {
			isa = PBXProject;
			attributes = {
				BuildIndependentTargetsInParallel = 1;
				LastSwiftUpdateCheck = 1420;
				LastUpgradeCheck = 1420;
				TargetAttributes = {
					88E664112AB0C5A9006BC7E8 = {
						CreatedOnToolsVersion = 14.2;
					};
					88E664272AB0C5AB006BC7E8 = {
						CreatedOnToolsVersion = 14.2;
						TestTargetID = 88E664112AB0C5A9006BC7E8;
					};
					88E664312AB0C5AB006BC7E8 = {
						CreatedOnToolsVersion = 14.2;
						TestTargetID = 88E664112AB0C5A9006BC7E8;
					};
				};
			};
			buildConfigurationList = 88E6640D2AB0C5A9006BC7E8 /* Build configuration list for PBXProject "VolunteerProject" */;
			compatibilityVersion = "Xcode 14.0";
			developmentRegion = en;
			hasScannedForEncodings = 0;
			knownRegions = (
				en,
				Base,
			);
			mainGroup = 88E664092AB0C5A9006BC7E8;
			productRefGroup = 88E664132AB0C5A9006BC7E8 /* Products */;
			projectDirPath = "";
			projectRoot = "";
			targets = (
				88E664112AB0C5A9006BC7E8 /* VolunteerProject */,
				88E664272AB0C5AB006BC7E8 /* VolunteerProjectTests */,
				88E664312AB0C5AB006BC7E8 /* VolunteerProjectUITests */,
			);
		};
/* End PBXProject section */

/* Begin PBXResourcesBuildPhase section */
		88E664102AB0C5A9006BC7E8 /* Resources */ = {
			isa = PBXResourcesBuildPhase;
			buildActionMask = 2147483647;
			files = (
				88E664222AB0C5AB006BC7E8 /* LaunchScreen.storyboard in Resources */,
				88E6641F2AB0C5AB006BC7E8 /* Assets.xcassets in Resources */,
				88E6641D2AB0C5A9006BC7E8 /* Main.storyboard in Resources */,
			);
			runOnlyForDeploymentPostprocessing = 0;
		};
		88E664262AB0C5AB006BC7E8 /* Resources */ = {
			isa = PBXResourcesBuildPhase;
			buildActionMask = 2147483647;
			files = (
			);
			runOnlyForDeploymentPostprocessing = 0;
		};
		88E664302AB0C5AB006BC7E8 /* Resources */ = {
			isa = PBXResourcesBuildPhase;
			buildActionMask = 2147483647;
			files = (
			);
			runOnlyForDeploymentPostprocessing = 0;
		};
/* End PBXResourcesBuildPhase section */

/* Begin PBXSourcesBuildPhase section */
		88E6640E2AB0C5A9006BC7E8 /* Sources */ = {
			isa = PBXSourcesBuildPhase;
			buildActionMask = 2147483647;
			files = (
				88E6641A2AB0C5A9006BC7E8 /* ViewController.swift in Sources */,
				88E664162AB0C5A9006BC7E8 /* AppDelegate.swift in Sources */,
				88E664182AB0C5A9006BC7E8 /* SceneDelegate.swift in Sources */,
			);
			runOnlyForDeploymentPostprocessing = 0;
		};
		88E664242AB0C5AB006BC7E8 /* Sources */ = {
			isa = PBXSourcesBuildPhase;
			buildActionMask = 2147483647;
			files = (
				88E6642D2AB0C5AB006BC7E8 /* VolunteerProjectTests.swift in Sources */,
			);
			runOnlyForDeploymentPostprocessing = 0;
		};
		88E6642E2AB0C5AB006BC7E8 /* Sources */ = {
			isa = PBXSourcesBuildPhase;
			buildActionMask = 2147483647;
			files = (
				88E664372AB0C5AB006BC7E8 /* VolunteerProjectUITests.swift in Sources */,
				88E664392AB0C5AB006BC7E8 /* VolunteerProjectUITestsLaunchTests.swift in Sources */,
			);
			runOnlyForDeploymentPostprocessing = 0;
		};
/* End PBXSourcesBuildPhase section */

/* Begin PBXTargetDependency section */
		88E6642A2AB0C5AB006BC7E8 /* PBXTargetDependency */ = {
			isa = PBXTargetDependency;
			target = 88E664112AB0C5A9006BC7E8 /* VolunteerProject */;
			targetProxy = 88E664292AB0C5AB006BC7E8 /* PBXContainerItemProxy */;
		};
		88E664342AB0C5AB006BC7E8 /* PBXTargetDependency */ = {
			isa = PBXTargetDependency;
			target = 88E664112AB0C5A9006BC7E8 /* VolunteerProject */;
			targetProxy = 88E664332AB0C5AB006BC7E8 /* PBXContainerItemProxy */;
		};
/* End PBXTargetDependency section */

/* Begin PBXVariantGroup section */
		88E6641B2AB0C5A9006BC7E8 /* Main.storyboard */ = {
			isa = PBXVariantGroup;
			children = (
				88E6641C2AB0C5A9006BC7E8 /* Base */,
			);
			name = Main.storyboard;
			sourceTree = "<group>";
		};
		88E664202AB0C5AB006BC7E8 /* LaunchScreen.storyboard */ = {
			isa = PBXVariantGroup;
			children = (
				88E664212AB0C5AB006BC7E8 /* Base */,
			);
			name = LaunchScreen.storyboard;
			sourceTree = "<group>";
		};
/* End PBXVariantGroup section */

/* Begin XCBuildConfiguration section */
		88E6643A2AB0C5AB006BC7E8 /* Debug */ = {
			isa = XCBuildConfiguration;
			buildSettings = {
				ALWAYS_SEARCH_USER_PATHS = NO;
				CLANG_ANALYZER_NONNULL = YES;
				CLANG_ANALYZER_NUMBER_OBJECT_CONVERSION = YES_AGGRESSIVE;
				CLANG_CXX_LANGUAGE_STANDARD = "gnu++20";
				CLANG_ENABLE_MODULES = YES;
				CLANG_ENABLE_OBJC_ARC = YES;
				CLANG_ENABLE_OBJC_WEAK = YES;
				CLANG_WARN_BLOCK_CAPTURE_AUTORELEASING = YES;
				CLANG_WARN_BOOL_CONVERSION = YES;
				CLANG_WARN_COMMA = YES;
				CLANG_WARN_CONSTANT_CONVERSION = YES;
				CLANG_WARN_DEPRECATED_OBJC_IMPLEMENTATIONS = YES;
				CLANG_WARN_DIRECT_OBJC_ISA_USAGE = YES_ERROR;
				CLANG_WARN_DOCUMENTATION_COMMENTS = YES;
				CLANG_WARN_EMPTY_BODY = YES;
				CLANG_WARN_ENUM_CONVERSION = YES;
				CLANG_WARN_INFINITE_RECURSION = YES;
				CLANG_WARN_INT_CONVERSION = YES;
				CLANG_WARN_NON_LITERAL_NULL_CONVERSION = YES;
				CLANG_WARN_OBJC_IMPLICIT_RETAIN_SELF = YES;
				CLANG_WARN_OBJC_LITERAL_CONVERSION = YES;
				CLANG_WARN_OBJC_ROOT_CLASS = YES_ERROR;
				CLANG_WARN_QUOTED_INCLUDE_IN_FRAMEWORK_HEADER = YES;
				CLANG_WARN_RANGE_LOOP_ANALYSIS = YES;
				CLANG_WARN_STRICT_PROTOTYPES = YES;
				CLANG_WARN_SUSPICIOUS_MOVE = YES;
				CLANG_WARN_UNGUARDED_AVAILABILITY = YES_AGGRESSIVE;
				CLANG_WARN_UNREACHABLE_CODE = YES;
				CLANG_WARN__DUPLICATE_METHOD_MATCH = YES;
				COPY_PHASE_STRIP = NO;
				DEBUG_INFORMATION_FORMAT = dwarf;
				ENABLE_STRICT_OBJC_MSGSEND = YES;
				ENABLE_TESTABILITY = YES;
				GCC_C_LANGUAGE_STANDARD = gnu11;
				GCC_DYNAMIC_NO_PIC = NO;
				GCC_NO_COMMON_BLOCKS = YES;
				GCC_OPTIMIZATION_LEVEL = 0;
				GCC_PREPROCESSOR_DEFINITIONS = (
					"DEBUG=1",
					"$(inherited)",
				);
				GCC_WARN_64_TO_32_BIT_CONVERSION = YES;
				GCC_WARN_ABOUT_RETURN_TYPE = YES_ERROR;
				GCC_WARN_UNDECLARED_SELECTOR = YES;
				GCC_WARN_UNINITIALIZED_AUTOS = YES_AGGRESSIVE;
				GCC_WARN_UNUSED_FUNCTION = YES;
				GCC_WARN_UNUSED_VARIABLE = YES;
				IPHONEOS_DEPLOYMENT_TARGET = 16.2;
				MTL_ENABLE_DEBUG_INFO = INCLUDE_SOURCE;
				MTL_FAST_MATH = YES;
				ONLY_ACTIVE_ARCH = YES;
				SDKROOT = iphoneos;
				SWIFT_ACTIVE_COMPILATION_CONDITIONS = DEBUG;
				SWIFT_OPTIMIZATION_LEVEL = "-Onone";
			};
			name = Debug;
		};
		88E6643B2AB0C5AB006BC7E8 /* Release */ = {
			isa = XCBuildConfiguration;
			buildSettings = {
				ALWAYS_SEARCH_USER_PATHS = NO;
				CLANG_ANALYZER_NONNULL = YES;
				CLANG_ANALYZER_NUMBER_OBJECT_CONVERSION = YES_AGGRESSIVE;
				CLANG_CXX_LANGUAGE_STANDARD = "gnu++20";
				CLANG_ENABLE_MODULES = YES;
				CLANG_ENABLE_OBJC_ARC = YES;
				CLANG_ENABLE_OBJC_WEAK = YES;
				CLANG_WARN_BLOCK_CAPTURE_AUTORELEASING = YES;
				CLANG_WARN_BOOL_CONVERSION = YES;
				CLANG_WARN_COMMA = YES;
				CLANG_WARN_CONSTANT_CONVERSION = YES;
				CLANG_WARN_DEPRECATED_OBJC_IMPLEMENTATIONS = YES;
				CLANG_WARN_DIRECT_OBJC_ISA_USAGE = YES_ERROR;
				CLANG_WARN_DOCUMENTATION_COMMENTS = YES;
				CLANG_WARN_EMPTY_BODY = YES;
				CLANG_WARN_ENUM_CONVERSION = YES;
				CLANG_WARN_INFINITE_RECURSION = YES;
				CLANG_WARN_INT_CONVERSION = YES;
				CLANG_WARN_NON_LITERAL_NULL_CONVERSION = YES;
				CLANG_WARN_OBJC_IMPLICIT_RETAIN_SELF = YES;
				CLANG_WARN_OBJC_LITERAL_CONVERSION = YES;
				CLANG_WARN_OBJC_ROOT_CLASS = YES_ERROR;
				CLANG_WARN_QUOTED_INCLUDE_IN_FRAMEWORK_HEADER = YES;
				CLANG_WARN_RANGE_LOOP_ANALYSIS = YES;
				CLANG_WARN_STRICT_PROTOTYPES = YES;
				CLANG_WARN_SUSPICIOUS_MOVE = YES;
				CLANG_WARN_UNGUARDED_AVAILABILITY = YES_AGGRESSIVE;
				CLANG_WARN_UNREACHABLE_CODE = YES;
				CLANG_WARN__DUPLICATE_METHOD_MATCH = YES;
				COPY_PHASE_STRIP = NO;
				DEBUG_INFORMATION_FORMAT = "dwarf-with-dsym";
				ENABLE_NS_ASSERTIONS = NO;
				ENABLE_STRICT_OBJC_MSGSEND = YES;
				GCC_C_LANGUAGE_STANDARD = gnu11;
				GCC_NO_COMMON_BLOCKS = YES;
				GCC_WARN_64_TO_32_BIT_CONVERSION = YES;
				GCC_WARN_ABOUT_RETURN_TYPE = YES_ERROR;
				GCC_WARN_UNDECLARED_SELECTOR = YES;
				GCC_WARN_UNINITIALIZED_AUTOS = YES_AGGRESSIVE;
				GCC_WARN_UNUSED_FUNCTION = YES;
				GCC_WARN_UNUSED_VARIABLE = YES;
				IPHONEOS_DEPLOYMENT_TARGET = 16.2;
				MTL_ENABLE_DEBUG_INFO = NO;
				MTL_FAST_MATH = YES;
				SDKROOT = iphoneos;
				SWIFT_COMPILATION_MODE = wholemodule;
				SWIFT_OPTIMIZATION_LEVEL = "-O";
				VALIDATE_PRODUCT = YES;
			};
			name = Release;
		};
		88E6643D2AB0C5AC006BC7E8 /* Debug */ = {
			isa = XCBuildConfiguration;
			buildSettings = {
				ASSETCATALOG_COMPILER_APPICON_NAME = AppIcon;
				ASSETCATALOG_COMPILER_GLOBAL_ACCENT_COLOR_NAME = AccentColor;
				CODE_SIGN_STYLE = Automatic;
				CURRENT_PROJECT_VERSION = 1;
				GENERATE_INFOPLIST_FILE = YES;
				INFOPLIST_FILE = VolunteerProject/Info.plist;
				INFOPLIST_KEY_UIApplicationSupportsIndirectInputEvents = YES;
				INFOPLIST_KEY_UILaunchStoryboardName = LaunchScreen;
				INFOPLIST_KEY_UIMainStoryboardFile = Main;
				INFOPLIST_KEY_UISupportedInterfaceOrientations_iPad = "UIInterfaceOrientationPortrait UIInterfaceOrientationPortraitUpsideDown UIInterfaceOrientationLandscapeLeft UIInterfaceOrientationLandscapeRight";
				INFOPLIST_KEY_UISupportedInterfaceOrientations_iPhone = "UIInterfaceOrientationPortrait UIInterfaceOrientationLandscapeLeft UIInterfaceOrientationLandscapeRight";
				LD_RUNPATH_SEARCH_PATHS = (
					"$(inherited)",
					"@executable_path/Frameworks",
				);
				MARKETING_VERSION = 1.0;
				PRODUCT_BUNDLE_IDENTIFIER = jialaiali.VolunteerProject;
				PRODUCT_NAME = "$(TARGET_NAME)";
				SWIFT_EMIT_LOC_STRINGS = YES;
				SWIFT_VERSION = 5.0;
				TARGETED_DEVICE_FAMILY = "1,2";
			};
			name = Debug;
		};
		88E6643E2AB0C5AC006BC7E8 /* Release */ = {
			isa = XCBuildConfiguration;
			buildSettings = {
				ASSETCATALOG_COMPILER_APPICON_NAME = AppIcon;
				ASSETCATALOG_COMPILER_GLOBAL_ACCENT_COLOR_NAME = AccentColor;
				CODE_SIGN_STYLE = Automatic;
				CURRENT_PROJECT_VERSION = 1;
				GENERATE_INFOPLIST_FILE = YES;
				INFOPLIST_FILE = VolunteerProject/Info.plist;
				INFOPLIST_KEY_UIApplicationSupportsIndirectInputEvents = YES;
				INFOPLIST_KEY_UILaunchStoryboardName = LaunchScreen;
				INFOPLIST_KEY_UIMainStoryboardFile = Main;
				INFOPLIST_KEY_UISupportedInterfaceOrientations_iPad = "UIInterfaceOrientationPortrait UIInterfaceOrientationPortraitUpsideDown UIInterfaceOrientationLandscapeLeft UIInterfaceOrientationLandscapeRight";
				INFOPLIST_KEY_UISupportedInterfaceOrientations_iPhone = "UIInterfaceOrientationPortrait UIInterfaceOrientationLandscapeLeft UIInterfaceOrientationLandscapeRight";
				LD_RUNPATH_SEARCH_PATHS = (
					"$(inherited)",
					"@executable_path/Frameworks",
				);
				MARKETING_VERSION = 1.0;
				PRODUCT_BUNDLE_IDENTIFIER = jialaiali.VolunteerProject;
				PRODUCT_NAME = "$(TARGET_NAME)";
				SWIFT_EMIT_LOC_STRINGS = YES;
				SWIFT_VERSION = 5.0;
				TARGETED_DEVICE_FAMILY = "1,2";
			};
			name = Release;
		};
		88E664402AB0C5AC006BC7E8 /* Debug */ = {
			isa = XCBuildConfiguration;
			buildSettings = {
				ALWAYS_EMBED_SWIFT_STANDARD_LIBRARIES = YES;
				BUNDLE_LOADER = "$(TEST_HOST)";
				CODE_SIGN_STYLE = Automatic;
				CURRENT_PROJECT_VERSION = 1;
				GENERATE_INFOPLIST_FILE = YES;
				IPHONEOS_DEPLOYMENT_TARGET = 16.2;
				MARKETING_VERSION = 1.0;
				PRODUCT_BUNDLE_IDENTIFIER = jialaiali.VolunteerProjectTests;
				PRODUCT_NAME = "$(TARGET_NAME)";
				SWIFT_EMIT_LOC_STRINGS = NO;
				SWIFT_VERSION = 5.0;
				TARGETED_DEVICE_FAMILY = "1,2";
				TEST_HOST = "$(BUILT_PRODUCTS_DIR)/VolunteerProject.app/$(BUNDLE_EXECUTABLE_FOLDER_PATH)/VolunteerProject";
			};
			name = Debug;
		};
		88E664412AB0C5AC006BC7E8 /* Release */ = {
			isa = XCBuildConfiguration;
			buildSettings = {
				ALWAYS_EMBED_SWIFT_STANDARD_LIBRARIES = YES;
				BUNDLE_LOADER = "$(TEST_HOST)";
				CODE_SIGN_STYLE = Automatic;
				CURRENT_PROJECT_VERSION = 1;
				GENERATE_INFOPLIST_FILE = YES;
				IPHONEOS_DEPLOYMENT_TARGET = 16.2;
				MARKETING_VERSION = 1.0;
				PRODUCT_BUNDLE_IDENTIFIER = jialaiali.VolunteerProjectTests;
				PRODUCT_NAME = "$(TARGET_NAME)";
				SWIFT_EMIT_LOC_STRINGS = NO;
				SWIFT_VERSION = 5.0;
				TARGETED_DEVICE_FAMILY = "1,2";
				TEST_HOST = "$(BUILT_PRODUCTS_DIR)/VolunteerProject.app/$(BUNDLE_EXECUTABLE_FOLDER_PATH)/VolunteerProject";
			};
			name = Release;
		};
		88E664432AB0C5AC006BC7E8 /* Debug */ = {
			isa = XCBuildConfiguration;
			buildSettings = {
				ALWAYS_EMBED_SWIFT_STANDARD_LIBRARIES = YES;
				CODE_SIGN_STYLE = Automatic;
				CURRENT_PROJECT_VERSION = 1;
				GENERATE_INFOPLIST_FILE = YES;
				MARKETING_VERSION = 1.0;
				PRODUCT_BUNDLE_IDENTIFIER = jialaiali.VolunteerProjectUITests;
				PRODUCT_NAME = "$(TARGET_NAME)";
				SWIFT_EMIT_LOC_STRINGS = NO;
				SWIFT_VERSION = 5.0;
				TARGETED_DEVICE_FAMILY = "1,2";
				TEST_TARGET_NAME = VolunteerProject;
			};
			name = Debug;
		};
		88E664442AB0C5AC006BC7E8 /* Release */ = {
			isa = XCBuildConfiguration;
			buildSettings = {
				ALWAYS_EMBED_SWIFT_STANDARD_LIBRARIES = YES;
				CODE_SIGN_STYLE = Automatic;
				CURRENT_PROJECT_VERSION = 1;
				GENERATE_INFOPLIST_FILE = YES;
				MARKETING_VERSION = 1.0;
				PRODUCT_BUNDLE_IDENTIFIER = jialaiali.VolunteerProjectUITests;
				PRODUCT_NAME = "$(TARGET_NAME)";
				SWIFT_EMIT_LOC_STRINGS = NO;
				SWIFT_VERSION = 5.0;
				TARGETED_DEVICE_FAMILY = "1,2";
				TEST_TARGET_NAME = VolunteerProject;
			};
			name = Release;
		};
/* End XCBuildConfiguration section */

/* Begin XCConfigurationList section */
		88E6640D2AB0C5A9006BC7E8 /* Build configuration list for PBXProject "VolunteerProject" */ = {
			isa = XCConfigurationList;
			buildConfigurations = (
				88E6643A2AB0C5AB006BC7E8 /* Debug */,
				88E6643B2AB0C5AB006BC7E8 /* Release */,
			);
			defaultConfigurationIsVisible = 0;
			defaultConfigurationName = Release;
		};
		88E6643C2AB0C5AC006BC7E8 /* Build configuration list for PBXNativeTarget "VolunteerProject" */ = {
			isa = XCConfigurationList;
			buildConfigurations = (
				88E6643D2AB0C5AC006BC7E8 /* Debug */,
				88E6643E2AB0C5AC006BC7E8 /* Release */,
			);
			defaultConfigurationIsVisible = 0;
			defaultConfigurationName = Release;
		};
		88E6643F2AB0C5AC006BC7E8 /* Build configuration list for PBXNativeTarget "VolunteerProjectTests" */ = {
			isa = XCConfigurationList;
			buildConfigurations = (
				88E664402AB0C5AC006BC7E8 /* Debug */,
				88E664412AB0C5AC006BC7E8 /* Release */,
			);
			defaultConfigurationIsVisible = 0;
			defaultConfigurationName = Release;
		};
		88E664422AB0C5AC006BC7E8 /* Build configuration list for PBXNativeTarget "VolunteerProjectUITests" */ = {
			isa = XCConfigurationList;
			buildConfigurations = (
				88E664432AB0C5AC006BC7E8 /* Debug */,
				88E664442AB0C5AC006BC7E8 /* Release */,
			);
			defaultConfigurationIsVisible = 0;
			defaultConfigurationName = Release;
		};
/* End XCConfigurationList section */
	};
	rootObject = 88E6640A2AB0C5A9006BC7E8 /* Project object */;
}
